
Microsoft Visual Studio Solution File, Format Version 12.00
# Visual Studio 15
VisualStudioVersion = 15.0.27428.2043
MinimumVisualStudioVersion = 10.0.40219.1
Project("{FAE04EC0-301F-11D3-BF4B-00C04F79EFBC}") = "WebCore", "WebCore\WebCore.csproj", "{87F276FB-77DC-4253-A7B6-B95816FE668D}"
EndProject
Global
	GlobalSection(SolutionConfigurationPlatforms) = preSolution
		Debug|Any CPU = Debug|Any CPU
		Release|Any CPU = Release|Any CPU
	EndGlobalSection
	GlobalSection(ProjectConfigurationPlatforms) = postSolution
		{87F276FB-77DC-4253-A7B6-B95816FE668D}.Debug|Any CPU.ActiveCfg = Debug|Any CPU
		{87F276FB-77DC-4253-A7B6-B95816FE668D}.Debug|Any CPU.Build.0 = Debug|Any CPU
		{87F276FB-77DC-4253-A7B6-B95816FE668D}.Release|Any CPU.ActiveCfg = Release|Any CPU
		{87F276FB-77DC-4253-A7B6-B95816FE668D}.Release|Any CPU.Build.0 = Release|Any CPU
	EndGlobalSection
	GlobalSection(SolutionProperties) = preSolution
		HideSolutionNode = FALSE
	EndGlobalSection
	GlobalSection(ExtensibilityGlobals) = postSolution
		SolutionGuid = {39431EB3-EF28-49B8-9828-CC4BCC2B668B}
	EndGlobalSection
EndGlobal
